# This file is automatically @generated by Cargo.
# It is not intended for manual editing.
version = 4

[[package]]
name = "bnum"
version = "0.12.1"
source = "registry+https://github.com/rust-lang/crates.io-index"
checksum = "f781dba93de3a5ef6dc5b17c9958b208f6f3f021623b360fb605ea51ce443f10"

[[package]]
name = "game"
version = "0.1.0"
dependencies = [
 "bnum",
]

[[package]]
name = "io"
version = "0.1.0"
dependencies = [
 "bnum",
 "game",
 "twiddling",
]

[[package]]
name = "main"
version = "0.1.0"
dependencies = [
 "game",
 "io",
]

[[package]]
name = "twiddling"
version = "0.1.0"
dependencies = [
 "bnum",
]
